
Microsoft Visual Studio Solution File, Format Version 12.00
# Visual Studio 2012
Project("{FAE04EC0-301F-11D3-BF4B-00C04F79EFBC}") = "WCF_binding", "WCF_binding\WCF_binding.csproj", "{CFE013FA-0F4D-417F-9C57-4197B464DDEA}"
EndProject
Global
	GlobalSection(SolutionConfigurationPlatforms) = preSolution
		Debug|Any CPU = Debug|Any CPU
		Release|Any CPU = Release|Any CPU
	EndGlobalSection
	GlobalSection(ProjectConfigurationPlatforms) = postSolution
		{CFE013FA-0F4D-417F-9C57-4197B464DDEA}.Debug|Any CPU.ActiveCfg = Debug|Any CPU
		{CFE013FA-0F4D-417F-9C57-4197B464DDEA}.Debug|Any CPU.Build.0 = Debug|Any CPU
		{CFE013FA-0F4D-417F-9C57-4197B464DDEA}.Release|Any CPU.ActiveCfg = Release|Any CPU
		{CFE013FA-0F4D-417F-9C57-4197B464DDEA}.Release|Any CPU.Build.0 = Release|Any CPU
	EndGlobalSection
	GlobalSection(SolutionProperties) = preSolution
		HideSolutionNode = FALSE
	EndGlobalSection
EndGlobal
