
Microsoft Visual Studio Solution File, Format Version 12.00
# Visual Studio 2013
VisualStudioVersion = 12.0.21005.1
MinimumVisualStudioVersion = 10.0.40219.1
Project("{FAE04EC0-301F-11D3-BF4B-00C04F79EFBC}") = "TaskManager", "TaskManager\TaskManager.csproj", "{0AAC7E62-8FEE-4ABD-B4E7-71376535B01A}"
EndProject
Global
	GlobalSection(SolutionConfigurationPlatforms) = preSolution
		Debug|Any CPU = Debug|Any CPU
		Release|Any CPU = Release|Any CPU
	EndGlobalSection
	GlobalSection(ProjectConfigurationPlatforms) = postSolution
		{0AAC7E62-8FEE-4ABD-B4E7-71376535B01A}.Debug|Any CPU.ActiveCfg = Debug|Any CPU
		{0AAC7E62-8FEE-4ABD-B4E7-71376535B01A}.Debug|Any CPU.Build.0 = Debug|Any CPU
		{0AAC7E62-8FEE-4ABD-B4E7-71376535B01A}.Release|Any CPU.ActiveCfg = Release|Any CPU
		{0AAC7E62-8FEE-4ABD-B4E7-71376535B01A}.Release|Any CPU.Build.0 = Release|Any CPU
	EndGlobalSection
	GlobalSection(SolutionProperties) = preSolution
		HideSolutionNode = FALSE
	EndGlobalSection
EndGlobal
