
Microsoft Visual Studio Solution File, Format Version 12.00
# Visual Studio 2013
VisualStudioVersion = 12.0.21005.1
MinimumVisualStudioVersion = 10.0.40219.1
Project("{FAE04EC0-301F-11D3-BF4B-00C04F79EFBC}") = "Заправка", "Заправка\Заправка.csproj", "{A83E73E1-0CF7-4A2B-A057-7D50CD5FC1B6}"
EndProject
Project("{FAE04EC0-301F-11D3-BF4B-00C04F79EFBC}") = "WpfApplication1", "WpfApplication1\WpfApplication1.csproj", "{4F68A7FB-5FB3-42AD-B335-6B34A2EFCE82}"
EndProject
Global
	GlobalSection(SolutionConfigurationPlatforms) = preSolution
		Debug|Any CPU = Debug|Any CPU
		Release|Any CPU = Release|Any CPU
	EndGlobalSection
	GlobalSection(ProjectConfigurationPlatforms) = postSolution
		{A83E73E1-0CF7-4A2B-A057-7D50CD5FC1B6}.Debug|Any CPU.ActiveCfg = Debug|Any CPU
		{A83E73E1-0CF7-4A2B-A057-7D50CD5FC1B6}.Debug|Any CPU.Build.0 = Debug|Any CPU
		{A83E73E1-0CF7-4A2B-A057-7D50CD5FC1B6}.Release|Any CPU.ActiveCfg = Release|Any CPU
		{A83E73E1-0CF7-4A2B-A057-7D50CD5FC1B6}.Release|Any CPU.Build.0 = Release|Any CPU
		{4F68A7FB-5FB3-42AD-B335-6B34A2EFCE82}.Debug|Any CPU.ActiveCfg = Debug|Any CPU
		{4F68A7FB-5FB3-42AD-B335-6B34A2EFCE82}.Debug|Any CPU.Build.0 = Debug|Any CPU
		{4F68A7FB-5FB3-42AD-B335-6B34A2EFCE82}.Release|Any CPU.ActiveCfg = Release|Any CPU
		{4F68A7FB-5FB3-42AD-B335-6B34A2EFCE82}.Release|Any CPU.Build.0 = Release|Any CPU
	EndGlobalSection
	GlobalSection(SolutionProperties) = preSolution
		HideSolutionNode = FALSE
	EndGlobalSection
EndGlobal
