
Microsoft Visual Studio Solution File, Format Version 12.00
# Visual Studio 2013
VisualStudioVersion = 12.0.40629.0
MinimumVisualStudioVersion = 10.0.40219.1
Project("{FAE04EC0-301F-11D3-BF4B-00C04F79EFBC}") = "Example1DataSet", "ExampleDataSet\Example1DataSet.csproj", "{7C70F877-F37D-4FB3-AF39-0A47EF0CB0DC}"
EndProject
Project("{FAE04EC0-301F-11D3-BF4B-00C04F79EFBC}") = "Example2DataRows", "Example2DataRows\Example2DataRows.csproj", "{1A08E0A2-72AB-4B43-A31C-71542F9CA04B}"
EndProject
Project("{FAE04EC0-301F-11D3-BF4B-00C04F79EFBC}") = "Example4.2CreateTableFromSQL", "Example3DataTableReader\Example4.2CreateTableFromSQL.csproj", "{7051F7B2-1C77-4576-8802-022A8425C526}"
EndProject
Project("{FAE04EC0-301F-11D3-BF4B-00C04F79EFBC}") = "Example3.1DataSetToXML", "Example3DataSetToXML\Example3.1DataSetToXML.csproj", "{D3345044-AF88-4A5D-993A-C3406195B460}"
EndProject
Project("{2150E333-8FDC-42A3-9474-1A3956D46DE8}") = "WinFormsExamples", "WinFormsExamples", "{E0BCEB4E-D783-4D32-80DB-7CA220343FEE}"
EndProject
Project("{FAE04EC0-301F-11D3-BF4B-00C04F79EFBC}") = "Example1DataTable", "Example1DataTable\Example1DataTable.csproj", "{B5E3267E-DDA3-4ED2-8336-0F633816E8A5}"
EndProject
Project("{FAE04EC0-301F-11D3-BF4B-00C04F79EFBC}") = "Example3.2DataSetFromXML", "Example5DataSetFromXML\Example3.2DataSetFromXML.csproj", "{F8F013B0-67BB-490C-BF49-5934DC3923DA}"
EndProject
Project("{FAE04EC0-301F-11D3-BF4B-00C04F79EFBC}") = "Example5Relations", "Example5Relations\Example5Relations.csproj", "{54022585-1E2E-442B-9EC3-4C8D37BAB00D}"
EndProject
Project("{FAE04EC0-301F-11D3-BF4B-00C04F79EFBC}") = "Example4.1CreateTableFromSQL", "Example3.1CreateTable\Example4.1CreateTableFromSQL.csproj", "{850BC83E-BEFC-4FE5-8ED4-FAE91501ADE9}"
EndProject
Project("{FAE04EC0-301F-11D3-BF4B-00C04F79EFBC}") = "Example5CommandBuilder", "Example7CommandBuilder\Example5CommandBuilder.csproj", "{C2C9E223-0239-43F9-8827-929026436095}"
EndProject
Project("{2150E333-8FDC-42A3-9474-1A3956D46DE8}") = "Exalmples", "Exalmples", "{E59E0197-B198-4E05-BC06-BECC1D447CCE}"
EndProject
Project("{FAE04EC0-301F-11D3-BF4B-00C04F79EFBC}") = "Example1Select", "Example1WorkDb\Example1Select.csproj", "{1DDDA896-844A-4837-A9E2-BF422835ADFF}"
EndProject
Project("{FAE04EC0-301F-11D3-BF4B-00C04F79EFBC}") = "Example2Insert", "Example2WorkDb\Example2Insert.csproj", "{85A777DA-BD81-4E98-9409-24D2FFB3768F}"
EndProject
Project("{FAE04EC0-301F-11D3-BF4B-00C04F79EFBC}") = "Example3Delete", "Example3WorkDb\Example3Delete.csproj", "{B2C13B7A-F2F3-4EAC-ADA4-819A32E73B7D}"
EndProject
Project("{FAE04EC0-301F-11D3-BF4B-00C04F79EFBC}") = "Example4Update", "Example4WorkDb\Example4Update.csproj", "{008289C0-C4E0-45DF-B79F-40684C8503D3}"
EndProject
Project("{FAE04EC0-301F-11D3-BF4B-00C04F79EFBC}") = "Example2BindingDataSet", "Example2BindingDataSet\Example2BindingDataSet.csproj", "{83B4C8E9-5424-4E71-83FF-FBA690A63919}"
EndProject
Global
	GlobalSection(SolutionConfigurationPlatforms) = preSolution
		Debug|Any CPU = Debug|Any CPU
		Release|Any CPU = Release|Any CPU
	EndGlobalSection
	GlobalSection(ProjectConfigurationPlatforms) = postSolution
		{7C70F877-F37D-4FB3-AF39-0A47EF0CB0DC}.Debug|Any CPU.ActiveCfg = Debug|Any CPU
		{7C70F877-F37D-4FB3-AF39-0A47EF0CB0DC}.Debug|Any CPU.Build.0 = Debug|Any CPU
		{7C70F877-F37D-4FB3-AF39-0A47EF0CB0DC}.Release|Any CPU.ActiveCfg = Release|Any CPU
		{7C70F877-F37D-4FB3-AF39-0A47EF0CB0DC}.Release|Any CPU.Build.0 = Release|Any CPU
		{1A08E0A2-72AB-4B43-A31C-71542F9CA04B}.Debug|Any CPU.ActiveCfg = Debug|Any CPU
		{1A08E0A2-72AB-4B43-A31C-71542F9CA04B}.Debug|Any CPU.Build.0 = Debug|Any CPU
		{1A08E0A2-72AB-4B43-A31C-71542F9CA04B}.Release|Any CPU.ActiveCfg = Release|Any CPU
		{1A08E0A2-72AB-4B43-A31C-71542F9CA04B}.Release|Any CPU.Build.0 = Release|Any CPU
		{7051F7B2-1C77-4576-8802-022A8425C526}.Debug|Any CPU.ActiveCfg = Debug|Any CPU
		{7051F7B2-1C77-4576-8802-022A8425C526}.Debug|Any CPU.Build.0 = Debug|Any CPU
		{7051F7B2-1C77-4576-8802-022A8425C526}.Release|Any CPU.ActiveCfg = Release|Any CPU
		{7051F7B2-1C77-4576-8802-022A8425C526}.Release|Any CPU.Build.0 = Release|Any CPU
		{D3345044-AF88-4A5D-993A-C3406195B460}.Debug|Any CPU.ActiveCfg = Debug|Any CPU
		{D3345044-AF88-4A5D-993A-C3406195B460}.Debug|Any CPU.Build.0 = Debug|Any CPU
		{D3345044-AF88-4A5D-993A-C3406195B460}.Release|Any CPU.ActiveCfg = Release|Any CPU
		{D3345044-AF88-4A5D-993A-C3406195B460}.Release|Any CPU.Build.0 = Release|Any CPU
		{B5E3267E-DDA3-4ED2-8336-0F633816E8A5}.Debug|Any CPU.ActiveCfg = Debug|Any CPU
		{B5E3267E-DDA3-4ED2-8336-0F633816E8A5}.Debug|Any CPU.Build.0 = Debug|Any CPU
		{B5E3267E-DDA3-4ED2-8336-0F633816E8A5}.Release|Any CPU.ActiveCfg = Release|Any CPU
		{B5E3267E-DDA3-4ED2-8336-0F633816E8A5}.Release|Any CPU.Build.0 = Release|Any CPU
		{F8F013B0-67BB-490C-BF49-5934DC3923DA}.Debug|Any CPU.ActiveCfg = Debug|Any CPU
		{F8F013B0-67BB-490C-BF49-5934DC3923DA}.Debug|Any CPU.Build.0 = Debug|Any CPU
		{F8F013B0-67BB-490C-BF49-5934DC3923DA}.Release|Any CPU.ActiveCfg = Release|Any CPU
		{F8F013B0-67BB-490C-BF49-5934DC3923DA}.Release|Any CPU.Build.0 = Release|Any CPU
		{54022585-1E2E-442B-9EC3-4C8D37BAB00D}.Debug|Any CPU.ActiveCfg = Debug|Any CPU
		{54022585-1E2E-442B-9EC3-4C8D37BAB00D}.Debug|Any CPU.Build.0 = Debug|Any CPU
		{54022585-1E2E-442B-9EC3-4C8D37BAB00D}.Release|Any CPU.ActiveCfg = Release|Any CPU
		{54022585-1E2E-442B-9EC3-4C8D37BAB00D}.Release|Any CPU.Build.0 = Release|Any CPU
		{850BC83E-BEFC-4FE5-8ED4-FAE91501ADE9}.Debug|Any CPU.ActiveCfg = Debug|Any CPU
		{850BC83E-BEFC-4FE5-8ED4-FAE91501ADE9}.Debug|Any CPU.Build.0 = Debug|Any CPU
		{850BC83E-BEFC-4FE5-8ED4-FAE91501ADE9}.Release|Any CPU.ActiveCfg = Release|Any CPU
		{850BC83E-BEFC-4FE5-8ED4-FAE91501ADE9}.Release|Any CPU.Build.0 = Release|Any CPU
		{C2C9E223-0239-43F9-8827-929026436095}.Debug|Any CPU.ActiveCfg = Debug|Any CPU
		{C2C9E223-0239-43F9-8827-929026436095}.Debug|Any CPU.Build.0 = Debug|Any CPU
		{C2C9E223-0239-43F9-8827-929026436095}.Release|Any CPU.ActiveCfg = Release|Any CPU
		{C2C9E223-0239-43F9-8827-929026436095}.Release|Any CPU.Build.0 = Release|Any CPU
		{1DDDA896-844A-4837-A9E2-BF422835ADFF}.Debug|Any CPU.ActiveCfg = Debug|Any CPU
		{1DDDA896-844A-4837-A9E2-BF422835ADFF}.Debug|Any CPU.Build.0 = Debug|Any CPU
		{1DDDA896-844A-4837-A9E2-BF422835ADFF}.Release|Any CPU.ActiveCfg = Release|Any CPU
		{1DDDA896-844A-4837-A9E2-BF422835ADFF}.Release|Any CPU.Build.0 = Release|Any CPU
		{85A777DA-BD81-4E98-9409-24D2FFB3768F}.Debug|Any CPU.ActiveCfg = Debug|Any CPU
		{85A777DA-BD81-4E98-9409-24D2FFB3768F}.Debug|Any CPU.Build.0 = Debug|Any CPU
		{85A777DA-BD81-4E98-9409-24D2FFB3768F}.Release|Any CPU.ActiveCfg = Release|Any CPU
		{85A777DA-BD81-4E98-9409-24D2FFB3768F}.Release|Any CPU.Build.0 = Release|Any CPU
		{B2C13B7A-F2F3-4EAC-ADA4-819A32E73B7D}.Debug|Any CPU.ActiveCfg = Debug|Any CPU
		{B2C13B7A-F2F3-4EAC-ADA4-819A32E73B7D}.Debug|Any CPU.Build.0 = Debug|Any CPU
		{B2C13B7A-F2F3-4EAC-ADA4-819A32E73B7D}.Release|Any CPU.ActiveCfg = Release|Any CPU
		{B2C13B7A-F2F3-4EAC-ADA4-819A32E73B7D}.Release|Any CPU.Build.0 = Release|Any CPU
		{008289C0-C4E0-45DF-B79F-40684C8503D3}.Debug|Any CPU.ActiveCfg = Debug|Any CPU
		{008289C0-C4E0-45DF-B79F-40684C8503D3}.Debug|Any CPU.Build.0 = Debug|Any CPU
		{008289C0-C4E0-45DF-B79F-40684C8503D3}.Release|Any CPU.ActiveCfg = Release|Any CPU
		{008289C0-C4E0-45DF-B79F-40684C8503D3}.Release|Any CPU.Build.0 = Release|Any CPU
		{83B4C8E9-5424-4E71-83FF-FBA690A63919}.Debug|Any CPU.ActiveCfg = Debug|Any CPU
		{83B4C8E9-5424-4E71-83FF-FBA690A63919}.Debug|Any CPU.Build.0 = Debug|Any CPU
		{83B4C8E9-5424-4E71-83FF-FBA690A63919}.Release|Any CPU.ActiveCfg = Release|Any CPU
		{83B4C8E9-5424-4E71-83FF-FBA690A63919}.Release|Any CPU.Build.0 = Release|Any CPU
	EndGlobalSection
	GlobalSection(SolutionProperties) = preSolution
		HideSolutionNode = FALSE
	EndGlobalSection
	GlobalSection(NestedProjects) = preSolution
		{B5E3267E-DDA3-4ED2-8336-0F633816E8A5} = {E0BCEB4E-D783-4D32-80DB-7CA220343FEE}
		{C2C9E223-0239-43F9-8827-929026436095} = {E59E0197-B198-4E05-BC06-BECC1D447CCE}
		{1DDDA896-844A-4837-A9E2-BF422835ADFF} = {E59E0197-B198-4E05-BC06-BECC1D447CCE}
		{85A777DA-BD81-4E98-9409-24D2FFB3768F} = {E59E0197-B198-4E05-BC06-BECC1D447CCE}
		{B2C13B7A-F2F3-4EAC-ADA4-819A32E73B7D} = {E59E0197-B198-4E05-BC06-BECC1D447CCE}
		{008289C0-C4E0-45DF-B79F-40684C8503D3} = {E59E0197-B198-4E05-BC06-BECC1D447CCE}
		{83B4C8E9-5424-4E71-83FF-FBA690A63919} = {E0BCEB4E-D783-4D32-80DB-7CA220343FEE}
	EndGlobalSection
EndGlobal
