
Microsoft Visual Studio Solution File, Format Version 12.00
# Visual Studio 2013
VisualStudioVersion = 12.0.40629.0
MinimumVisualStudioVersion = 10.0.40219.1
Project("{FAE04EC0-301F-11D3-BF4B-00C04F79EFBC}") = "Example1DataBaseFirst", "Example1DataBaseFirst\Example1DataBaseFirst.csproj", "{94631C82-FC07-4E73-AE3F-007C9C4DEA9F}"
EndProject
Project("{FAE04EC0-301F-11D3-BF4B-00C04F79EFBC}") = "Example2ModelFirst", "Example2ModelFirst\Example2ModelFirst.csproj", "{C89C9246-0E09-4C8F-9685-606554065868}"
EndProject
Project("{FAE04EC0-301F-11D3-BF4B-00C04F79EFBC}") = "Example3CRUDWinForm", "Example3CRUDWinForm\Example3CRUDWinForm.csproj", "{8309C9EB-564C-4FDC-9088-945B0B0AC140}"
EndProject
Global
	GlobalSection(SolutionConfigurationPlatforms) = preSolution
		Debug|Any CPU = Debug|Any CPU
		Release|Any CPU = Release|Any CPU
	EndGlobalSection
	GlobalSection(ProjectConfigurationPlatforms) = postSolution
		{94631C82-FC07-4E73-AE3F-007C9C4DEA9F}.Debug|Any CPU.ActiveCfg = Debug|Any CPU
		{94631C82-FC07-4E73-AE3F-007C9C4DEA9F}.Debug|Any CPU.Build.0 = Debug|Any CPU
		{94631C82-FC07-4E73-AE3F-007C9C4DEA9F}.Release|Any CPU.ActiveCfg = Release|Any CPU
		{94631C82-FC07-4E73-AE3F-007C9C4DEA9F}.Release|Any CPU.Build.0 = Release|Any CPU
		{C89C9246-0E09-4C8F-9685-606554065868}.Debug|Any CPU.ActiveCfg = Debug|Any CPU
		{C89C9246-0E09-4C8F-9685-606554065868}.Debug|Any CPU.Build.0 = Debug|Any CPU
		{C89C9246-0E09-4C8F-9685-606554065868}.Release|Any CPU.ActiveCfg = Release|Any CPU
		{C89C9246-0E09-4C8F-9685-606554065868}.Release|Any CPU.Build.0 = Release|Any CPU
		{8309C9EB-564C-4FDC-9088-945B0B0AC140}.Debug|Any CPU.ActiveCfg = Debug|Any CPU
		{8309C9EB-564C-4FDC-9088-945B0B0AC140}.Debug|Any CPU.Build.0 = Debug|Any CPU
		{8309C9EB-564C-4FDC-9088-945B0B0AC140}.Release|Any CPU.ActiveCfg = Release|Any CPU
		{8309C9EB-564C-4FDC-9088-945B0B0AC140}.Release|Any CPU.Build.0 = Release|Any CPU
	EndGlobalSection
	GlobalSection(SolutionProperties) = preSolution
		HideSolutionNode = FALSE
	EndGlobalSection
EndGlobal
